<?xml version="1.0" encoding="utf-8"?>
<Project ToolsVersion="4.0" xmlns="http://schemas.microsoft.com/developer/msbuild/2003">
  <ItemGroup>
    <Filter Include="Source Files">
      <UniqueIdentifier>{4FC737F1-C7A5-4376-A066-2A32D752A2FF}</UniqueIdentifier>
      <Extensions>cpp;c;cc;cxx;def;odl;idl;hpj;bat;asm;asmx</Extensions>
    </Filter>
    <Filter Include="Header Files">
      <UniqueIdentifier>{93995380-89BD-4b04-88EB-625FBE52EBFB}</UniqueIdentifier>
      <Extensions>h;hh;hpp;hxx;hm;inl;inc;ipp;xsd</Extensions>
    </Filter>
    <Filter Include="Resource Files">
      <UniqueIdentifier>{67DA6AB6-F800-4c08-8B7A-83BB121AAD01}</UniqueIdentifier>
      <Extensions>rc;ico;cur;bmp;dlg;rc2;rct;bin;rgs;gif;jpg;jpeg;jpe;resx;tiff;tif;png;wav;mfcribbon-ms</Extensions>
    </Filter>
    <Filter Include="Header Files\Input">
      <UniqueIdentifier>{19b56c08-946b-4fda-ac5d-1bbc8235c123}</UniqueIdentifier>
    </Filter>
    <Filter Include="Source Files\Input">
      <UniqueIdentifier>{f16fe308-9d32-4468-8db9-e5a5aca830c8}</UniqueIdentifier>
    </Filter>
    <Filter Include="Header Files\GameObjects">
      <UniqueIdentifier>{a93e868f-7140-49fa-bb3a-bc2990bd933f}</UniqueIdentifier>
    </Filter>
    <Filter Include="Source Files\GameObjects">
      <UniqueIdentifier>{909a0b19-fa01-4791-82c7-ef4fcb867761}</UniqueIdentifier>
    </Filter>
    <Filter Include="Header Files\GameScenes">
      <UniqueIdentifier>{367a56d7-49a3-4539-ba91-741a8950b36b}</UniqueIdentifier>
    </Filter>
    <Filter Include="Source Files\GameScenes">
      <UniqueIdentifier>{dcb4fa59-0889-433b-8195-b6bae1899691}</UniqueIdentifier>
    </Filter>
    <Filter Include="Source Files\GameObjects\PlaneGame">
      <UniqueIdentifier>{36634f11-1f64-4b97-b0c5-a7622a1afc91}</UniqueIdentifier>
    </Filter>
    <Filter Include="Header Files\GameObjects\DiskGame">
      <UniqueIdentifier>{30c287bc-6789-4a21-aa5c-d51a8053bb97}</UniqueIdentifier>
    </Filter>
    <Filter Include="Header Files\GameObjects\PullGame">
      <UniqueIdentifier>{d27276b7-ccc8-4c12-aafb-64e0eae3e66a}</UniqueIdentifier>
    </Filter>
    <Filter Include="Source Files\GameObjects\PullGame">
      <UniqueIdentifier>{64830f56-b8ee-4726-8a74-f61fd2ea98f4}</UniqueIdentifier>
    </Filter>
  </ItemGroup>
  <ItemGroup>
    <ClCompile Include="main.c">
      <Filter>Source Files</Filter>
    </ClCompile>
    <ClCompile Include="Camera.c">
      <Filter>Source Files\Input</Filter>
    </ClCompile>
    <ClCompile Include="WaveAudio.c">
      <Filter>Source Files\Input</Filter>
    </ClCompile>
    <ClCompile Include="SpriteResources.c">
      <Filter>Source Files</Filter>
    </ClCompile>
    <ClCompile Include="GameObject.c">
      <Filter>Source Files</Filter>
    </ClCompile>
    <ClCompile Include="GameScene.c">
      <Filter>Source Files</Filter>
    </ClCompile>
    <ClCompile Include="GameResultScene.c">
      <Filter>Source Files\GameScenes</Filter>
    </ClCompile>
    <ClCompile Include="CheeringPlayer.c">
      <Filter>Source Files\GameObjects</Filter>
    </ClCompile>
    <ClCompile Include="GameHelpScene.c">
      <Filter>Source Files\GameScenes</Filter>
    </ClCompile>
    <ClCompile Include="HomeScene.c">
      <Filter>Source Files\GameScenes</Filter>
    </ClCompile>
    <ClCompile Include="ReadyStartScene.c">
      <Filter>Source Files\GameScenes</Filter>
    </ClCompile>
    <ClCompile Include="ScoreDisplay.c">
      <Filter>Source Files\GameObjects</Filter>
    </ClCompile>
    <ClCompile Include="ThrowingPlayer.c">
      <Filter>Source Files\GameObjects\PlaneGame</Filter>
    </ClCompile>
    <ClCompile Include="Disk.c">
      <Filter>Source Files\GameObjects\PlaneGame</Filter>
    </ClCompile>
    <ClCompile Include="DiskGameScene.c">
      <Filter>Source Files\GameScenes</Filter>
    </ClCompile>
    <ClCompile Include="PullGameScene.c">
      <Filter>Source Files\GameScenes</Filter>
    </ClCompile>
    <ClCompile Include="String.c">
      <Filter>Source Files\GameObjects\PullGame</Filter>
    </ClCompile>
    <ClCompile Include="Flag.c">
      <Filter>Source Files\GameObjects\PullGame</Filter>
    </ClCompile>
  </ItemGroup>
  <ItemGroup>
    <ClInclude Include="WaveAudio.h">
      <Filter>Header Files\Input</Filter>
    </ClInclude>
    <ClInclude Include="GameObject.h">
      <Filter>Header Files</Filter>
    </ClInclude>
    <ClInclude Include="Camera.h">
      <Filter>Header Files\Input</Filter>
    </ClInclude>
    <ClInclude Include="resource.h">
      <Filter>Header Files</Filter>
    </ClInclude>
    <ClInclude Include="SpriteResources.h">
      <Filter>Header Files</Filter>
    </ClInclude>
    <ClInclude Include="GameScene.h">
      <Filter>Header Files</Filter>
    </ClInclude>
    <ClInclude Include="GameResultScene.h">
      <Filter>Header Files\GameScenes</Filter>
    </ClInclude>
    <ClInclude Include="CheeringPlayer.h">
      <Filter>Header Files\GameObjects</Filter>
    </ClInclude>
    <ClInclude Include="GameHelpScene.h">
      <Filter>Header Files\GameScenes</Filter>
    </ClInclude>
    <ClInclude Include="HomeScene.h">
      <Filter>Header Files\GameScenes</Filter>
    </ClInclude>
    <ClInclude Include="ReadyStartScene.h">
      <Filter>Header Files\GameScenes</Filter>
    </ClInclude>
    <ClInclude Include="ScoreDisplay.h">
      <Filter>Header Files\GameObjects</Filter>
    </ClInclude>
    <ClInclude Include="ThrowingPlayer.h">
      <Filter>Header Files\GameObjects\DiskGame</Filter>
    </ClInclude>
    <ClInclude Include="Disk.h">
      <Filter>Header Files\GameObjects\DiskGame</Filter>
    </ClInclude>
    <ClInclude Include="DiskGameScene.h">
      <Filter>Header Files\GameScenes</Filter>
    </ClInclude>
    <ClInclude Include="PullGameScene.h">
      <Filter>Header Files\GameScenes</Filter>
    </ClInclude>
    <ClInclude Include="String.h">
      <Filter>Header Files\GameObjects\PullGame</Filter>
    </ClInclude>
    <ClInclude Include="Flag.h">
      <Filter>Header Files\GameObjects\PullGame</Filter>
    </ClInclude>
  </ItemGroup>
  <ItemGroup>
    <ResourceCompile Include="DimigoGameLast.rc">
      <Filter>Resource Files</Filter>
    </ResourceCompile>
  </ItemGroup>
  <ItemGroup>
    <Image Include="Resource\cape_character.bmp">
      <Filter>Resource Files</Filter>
    </Image>
    <Image Include="Resource\cape_background.bmp">
      <Filter>Resource Files</Filter>
    </Image>
    <Image Include="Resource\cape_player2.bmp">
      <Filter>Resource Files</Filter>
    </Image>
    <Image Include="Resource\cape_player1.bmp">
      <Filter>Resource Files</Filter>
    </Image>
    <Image Include="Resource\spit.bmp">
      <Filter>Resource Files</Filter>
    </Image>
    <Image Include="Resource\player1_standing.bmp">
      <Filter>Resource Files</Filter>
    </Image>
    <Image Include="Resource\player1_cheering.bmp">
      <Filter>Resource Files</Filter>
    </Image>
    <Image Include="Resource\finish_flag.bmp">
      <Filter>Resource Files</Filter>
    </Image>
    <Image Include="Resource\player2_cheering.bmp">
      <Filter>Resource Files</Filter>
    </Image>
    <Image Include="Resource\player2_standing.bmp">
      <Filter>Resource Files</Filter>
    </Image>
    <Image Include="Resource\coco_won.bmp">
      <Filter>Resource Files</Filter>
    </Image>
    <Image Include="Resource\dingding_won.bmp">
      <Filter>Resource Files</Filter>
    </Image>
    <Image Include="Resource\cape_help.bmp">
      <Filter>Resource Files</Filter>
    </Image>
    <Image Include="Resource\ready.bmp">
      <Filter>Resource Files</Filter>
    </Image>
    <Image Include="Resource\start.bmp">
      <Filter>Resource Files</Filter>
    </Image>
    <Image Include="Resource\coco_plane.bmp">
      <Filter>Resource Files</Filter>
    </Image>
    <Image Include="Resource\dingding_plane.bmp">
      <Filter>Resource Files</Filter>
    </Image>
    <Image Include="Resource\plane_background.bmp">
      <Filter>Resource Files</Filter>
    </Image>
    <Image Include="Resource\coco_turn.bmp">
      <Filter>Resource Files</Filter>
    </Image>
    <Image Include="Resource\dingding_turn.bmp">
      <Filter>Resource Files</Filter>
    </Image>
    <Image Include="Resource\now_blow.bmp">
      <Filter>Resource Files</Filter>
    </Image>
    <Image Include="Resource\coco_blowing.bmp">
      <Filter>Resource Files</Filter>
    </Image>
    <Image Include="Resource\dingding_blowing.bmp">
      <Filter>Resource Files</Filter>
    </Image>
    <Image Include="Resource\score_board.bmp">
      <Filter>Resource Files</Filter>
    </Image>
    <Image Include="Resource\dingding_standing.bmp">
      <Filter>Resource Files</Filter>
    </Image>
    <Image Include="Resource\coco_standing.bmp">
      <Filter>Resource Files</Filter>
    </Image>
    <Image Include="Resource\coco_throwing.bmp">
      <Filter>Resource Files</Filter>
    </Image>
    <Image Include="Resource\dingding_throwing.bmp">
      <Filter>Resource Files</Filter>
    </Image>
    <Image Include="Resource\disk_background.bmp">
      <Filter>Resource Files</Filter>
    </Image>
    <Image Include="Resource\coco_disk.bmp">
      <Filter>Resource Files</Filter>
    </Image>
    <Image Include="Resource\dingding_disk.bmp">
      <Filter>Resource Files</Filter>
    </Image>
    <Image Include="Resource\dingding_cheering.bmp">
      <Filter>Resource Files</Filter>
    </Image>
    <Image Include="Resource\coco_cheering.bmp">
      <Filter>Resource Files</Filter>
    </Image>
    <Image Include="Resource\disk_shadow.bmp">
      <Filter>Resource Files</Filter>
    </Image>
    <Image Include="Resource\sky_background.bmp">
      <Filter>Resource Files</Filter>
    </Image>
    <Image Include="Resource\string.bmp">
      <Filter>Resource Files</Filter>
    </Image>
    <Image Include="Resource\pull_background.bmp">
      <Filter>Resource Files</Filter>
    </Image>
    <Image Include="Resource\coco_flag.bmp">
      <Filter>Resource Files</Filter>
    </Image>
    <Image Include="Resource\dingding_flag.bmp">
      <Filter>Resource Files</Filter>
    </Image>
    <Image Include="Resource\disk_help.bmp">
      <Filter>Resource Files</Filter>
    </Image>
  </ItemGroup>
</Project>